// !$*UTF8*$!
{
	archiveVersion = 1;
	classes = {
	};
	objectVersion = 46;
	objects = {

/* Begin PBXBuildFile section */
		9A3112D51B69AB120036D331 /* main.m in Sources */ = {isa = PBXBuildFile; fileRef = 9A3112D41B69AB120036D331 /* main.m */; };
		9A3112D81B69AB120036D331 /* AppDelegate.m in Sources */ = {isa = PBXBuildFile; fileRef = 9A3112D71B69AB120036D331 /* AppDelegate.m */; };
		9A3112DE1B69AB120036D331 /* Main.storyboard in Resources */ = {isa = PBXBuildFile; fileRef = 9A3112DC1B69AB120036D331 /* Main.storyboard */; };
		9A3112E01B69AB120036D331 /* Images.xcassets in Resources */ = {isa = PBXBuildFile; fileRef = 9A3112DF1B69AB120036D331 /* Images.xcassets */; };
		9A3112E31B69AB120036D331 /* LaunchScreen.xib in Resources */ = {isa = PBXBuildFile; fileRef = 9A3112E11B69AB120036D331 /* LaunchScreen.xib */; };
		9A3112EF1B69AB120036D331 /* ToDoListTests.m in Sources */ = {isa = PBXBuildFile; fileRef = 9A3112EE1B69AB120036D331 /* ToDoListTests.m */; };
		9A3112FA1B6AD50D0036D331 /* AddToDoItemViewController.m in Sources */ = {isa = PBXBuildFile; fileRef = 9A3112F91B6AD50D0036D331 /* AddToDoItemViewController.m */; };
		9A3112FD1B6AD5C30036D331 /* ToDoListTableViewController.m in Sources */ = {isa = PBXBuildFile; fileRef = 9A3112FC1B6AD5C30036D331 /* ToDoListTableViewController.m */; };
		9A3113001B6AEB340036D331 /* ToDoItem.m in Sources */ = {isa = PBXBuildFile; fileRef = 9A3112FF1B6AEB340036D331 /* ToDoItem.m */; };
		9A6E1A311B844ED3003F1C50 /* ToDoCell.m in Sources */ = {isa = PBXBuildFile; fileRef = 9A6E1A301B844ED3003F1C50 /* ToDoCell.m */; };
		9A9E8EAC1B82F3A6007FFB5A /* ToDoCell.xib in Resources */ = {isa = PBXBuildFile; fileRef = 9A9E8EAB1B82F3A6007FFB5A /* ToDoCell.xib */; };
/* End PBXBuildFile section */

/* Begin PBXContainerItemProxy section */
		9A3112E91B69AB120036D331 /* PBXContainerItemProxy */ = {
			isa = PBXContainerItemProxy;
			containerPortal = 9A3112C71B69AB120036D331 /* Project object */;
			proxyType = 1;
			remoteGlobalIDString = 9A3112CE1B69AB120036D331;
			remoteInfo = ToDoList;
		};
/* End PBXContainerItemProxy section */

/* Begin PBXFileReference section */
		9A3112CF1B69AB120036D331 /* ToDoList.app */ = {isa = PBXFileReference; explicitFileType = wrapper.application; includeInIndex = 0; path = ToDoList.app; sourceTree = BUILT_PRODUCTS_DIR; };
		9A3112D31B69AB120036D331 /* Info.plist */ = {isa = PBXFileReference; lastKnownFileType = text.plist.xml; path = Info.plist; sourceTree = "<group>"; };
		9A3112D41B69AB120036D331 /* main.m */ = {isa = PBXFileReference; lastKnownFileType = sourcecode.c.objc; path = main.m; sourceTree = "<group>"; };
		9A3112D61B69AB120036D331 /* AppDelegate.h */ = {isa = PBXFileReference; lastKnownFileType = sourcecode.c.h; path = AppDelegate.h; sourceTree = "<group>"; };
		9A3112D71B69AB120036D331 /* AppDelegate.m */ = {isa = PBXFileReference; lastKnownFileType = sourcecode.c.objc; path = AppDelegate.m; sourceTree = "<group>"; };
		9A3112DD1B69AB120036D331 /* Base */ = {isa = PBXFileReference; lastKnownFileType = file.storyboard; name = Base; path = Base.lproj/Main.storyboard; sourceTree = "<group>"; };
		9A3112DF1B69AB120036D331 /* Images.xcassets */ = {isa = PBXFileReference; lastKnownFileType = folder.assetcatalog; path = Images.xcassets; sourceTree = "<group>"; };
		9A3112E21B69AB120036D331 /* Base */ = {isa = PBXFileReference; lastKnownFileType = file.xib; name = Base; path = Base.lproj/LaunchScreen.xib; sourceTree = "<group>"; };
		9A3112E81B69AB120036D331 /* ToDoListTests.xctest */ = {isa = PBXFileReference; explicitFileType = wrapper.cfbundle; includeInIndex = 0; path = ToDoListTests.xctest; sourceTree = BUILT_PRODUCTS_DIR; };
		9A3112ED1B69AB120036D331 /* Info.plist */ = {isa = PBXFileReference; lastKnownFileType = text.plist.xml; path = Info.plist; sourceTree = "<group>"; };
		9A3112EE1B69AB120036D331 /* ToDoListTests.m */ = {isa = PBXFileReference; lastKnownFileType = sourcecode.c.objc; path = ToDoListTests.m; sourceTree = "<group>"; };
		9A3112F81B6AD50D0036D331 /* AddToDoItemViewController.h */ = {isa = PBXFileReference; fileEncoding = 4; lastKnownFileType = sourcecode.c.h; path = AddToDoItemViewController.h; sourceTree = "<group>"; };
		9A3112F91B6AD50D0036D331 /* AddToDoItemViewController.m */ = {isa = PBXFileReference; fileEncoding = 4; lastKnownFileType = sourcecode.c.objc; path = AddToDoItemViewController.m; sourceTree = "<group>"; };
		9A3112FB1B6AD5C30036D331 /* ToDoListTableViewController.h */ = {isa = PBXFileReference; fileEncoding = 4; lastKnownFileType = sourcecode.c.h; path = ToDoListTableViewController.h; sourceTree = "<group>"; };
		9A3112FC1B6AD5C30036D331 /* ToDoListTableViewController.m */ = {isa = PBXFileReference; fileEncoding = 4; lastKnownFileType = sourcecode.c.objc; path = ToDoListTableViewController.m; sourceTree = "<group>"; };
		9A3112FE1B6AEB340036D331 /* ToDoItem.h */ = {isa = PBXFileReference; fileEncoding = 4; lastKnownFileType = sourcecode.c.h; path = ToDoItem.h; sourceTree = "<group>"; };
		9A3112FF1B6AEB340036D331 /* ToDoItem.m */ = {isa = PBXFileReference; fileEncoding = 4; lastKnownFileType = sourcecode.c.objc; path = ToDoItem.m; sourceTree = "<group>"; };
		9A6E1A2F1B844ED3003F1C50 /* ToDoCell.h */ = {isa = PBXFileReference; fileEncoding = 4; lastKnownFileType = sourcecode.c.h; path = ToDoCell.h; sourceTree = "<group>"; };
		9A6E1A301B844ED3003F1C50 /* ToDoCell.m */ = {isa = PBXFileReference; fileEncoding = 4; lastKnownFileType = sourcecode.c.objc; path = ToDoCell.m; sourceTree = "<group>"; };
		9A9E8EAB1B82F3A6007FFB5A /* ToDoCell.xib */ = {isa = PBXFileReference; fileEncoding = 4; lastKnownFileType = file.xib; path = ToDoCell.xib; sourceTree = "<group>"; };
/* End PBXFileReference section */

/* Begin PBXFrameworksBuildPhase section */
		9A3112CC1B69AB120036D331 /* Frameworks */ = {
			isa = PBXFrameworksBuildPhase;
			buildActionMask = 2147483647;
			files = (
			);
			runOnlyForDeploymentPostprocessing = 0;
		};
		9A3112E51B69AB120036D331 /* Frameworks */ = {
			isa = PBXFrameworksBuildPhase;
			buildActionMask = 2147483647;
			files = (
			);
			runOnlyForDeploymentPostprocessing = 0;
		};
/* End PBXFrameworksBuildPhase section */

/* Begin PBXGroup section */
		9A3112C61B69AB120036D331 = {
			isa = PBXGroup;
			children = (
				9A3112F81B6AD50D0036D331 /* AddToDoItemViewController.h */,
				9A3112F91B6AD50D0036D331 /* AddToDoItemViewController.m */,
				9A3112FE1B6AEB340036D331 /* ToDoItem.h */,
				9A3112FF1B6AEB340036D331 /* ToDoItem.m */,
				9A3112D11B69AB120036D331 /* ToDoList */,
				9A3112EB1B69AB120036D331 /* ToDoListTests */,
				9A3112D01B69AB120036D331 /* Products */,
			);
			sourceTree = "<group>";
		};
		9A3112D01B69AB120036D331 /* Products */ = {
			isa = PBXGroup;
			children = (
				9A3112CF1B69AB120036D331 /* ToDoList.app */,
				9A3112E81B69AB120036D331 /* ToDoListTests.xctest */,
			);
			name = Products;
			sourceTree = "<group>";
		};
		9A3112D11B69AB120036D331 /* ToDoList */ = {
			isa = PBXGroup;
			children = (
				9A3112D61B69AB120036D331 /* AppDelegate.h */,
				9A3112D71B69AB120036D331 /* AppDelegate.m */,
				9A3112FB1B6AD5C30036D331 /* ToDoListTableViewController.h */,
				9A3112FC1B6AD5C30036D331 /* ToDoListTableViewController.m */,
				9A3112DC1B69AB120036D331 /* Main.storyboard */,
				9A3112DF1B69AB120036D331 /* Images.xcassets */,
				9A9E8EAB1B82F3A6007FFB5A /* ToDoCell.xib */,
				9A6E1A2F1B844ED3003F1C50 /* ToDoCell.h */,
				9A6E1A301B844ED3003F1C50 /* ToDoCell.m */,
				9A3112E11B69AB120036D331 /* LaunchScreen.xib */,
				9A3112D21B69AB120036D331 /* Supporting Files */,
			);
			path = ToDoList;
			sourceTree = "<group>";
		};
		9A3112D21B69AB120036D331 /* Supporting Files */ = {
			isa = PBXGroup;
			children = (
				9A3112D31B69AB120036D331 /* Info.plist */,
				9A3112D41B69AB120036D331 /* main.m */,
			);
			name = "Supporting Files";
			sourceTree = "<group>";
		};
		9A3112EB1B69AB120036D331 /* ToDoListTests */ = {
			isa = PBXGroup;
			children = (
				9A3112EE1B69AB120036D331 /* ToDoListTests.m */,
				9A3112EC1B69AB120036D331 /* Supporting Files */,
			);
			path = ToDoListTests;
			sourceTree = "<group>";
		};
		9A3112EC1B69AB120036D331 /* Supporting Files */ = {
			isa = PBXGroup;
			children = (
				9A3112ED1B69AB120036D331 /* Info.plist */,
			);
			name = "Supporting Files";
			sourceTree = "<group>";
		};
/* End PBXGroup section */

/* Begin PBXNativeTarget section */
		9A3112CE1B69AB120036D331 /* ToDoList */ = {
			isa = PBXNativeTarget;
			buildConfigurationList = 9A3112F21B69AB120036D331 /* Build configuration list for PBXNativeTarget "ToDoList" */;
			buildPhases = (
				9A3112CB1B69AB120036D331 /* Sources */,
				9A3112CC1B69AB120036D331 /* Frameworks */,
				9A3112CD1B69AB120036D331 /* Resources */,
			);
			buildRules = (
			);
			dependencies = (
			);
			name = ToDoList;
			productName = ToDoList;
			productReference = 9A3112CF1B69AB120036D331 /* ToDoList.app */;
			productType = "com.apple.product-type.application";
		};
		9A3112E71B69AB120036D331 /* ToDoListTests */ = {
			isa = PBXNativeTarget;
			buildConfigurationList = 9A3112F51B69AB120036D331 /* Build configuration list for PBXNativeTarget "ToDoListTests" */;
			buildPhases = (
				9A3112E41B69AB120036D331 /* Sources */,
				9A3112E51B69AB120036D331 /* Frameworks */,
				9A3112E61B69AB120036D331 /* Resources */,
			);
			buildRules = (
			);
			dependencies = (
				9A3112EA1B69AB120036D331 /* PBXTargetDependency */,
			);
			name = ToDoListTests;
			productName = ToDoListTests;
			productReference = 9A3112E81B69AB120036D331 /* ToDoListTests.xctest */;
			productType = "com.apple.product-type.bundle.unit-test";
		};
/* End PBXNativeTarget section */

/* Begin PBXProject section */
		9A3112C71B69AB120036D331 /* Project object */ = {
			isa = PBXProject;
			attributes = {
				LastUpgradeCheck = 0640;
				ORGANIZATIONNAME = "Allen Zhou";
				TargetAttributes = {
					9A3112CE1B69AB120036D331 = {
						CreatedOnToolsVersion = 6.4;
					};
					9A3112E71B69AB120036D331 = {
						CreatedOnToolsVersion = 6.4;
						TestTargetID = 9A3112CE1B69AB120036D331;
					};
				};
			};
			buildConfigurationList = 9A3112CA1B69AB120036D331 /* Build configuration list for PBXProject "ToDoList" */;
			compatibilityVersion = "Xcode 3.2";
			developmentRegion = English;
			hasScannedForEncodings = 0;
			knownRegions = (
				en,
				Base,
			);
			mainGroup = 9A3112C61B69AB120036D331;
			productRefGroup = 9A3112D01B69AB120036D331 /* Products */;
			projectDirPath = "";
			projectRoot = "";
			targets = (
				9A3112CE1B69AB120036D331 /* ToDoList */,
				9A3112E71B69AB120036D331 /* ToDoListTests */,
			);
		};
/* End PBXProject section */

/* Begin PBXResourcesBuildPhase section */
		9A3112CD1B69AB120036D331 /* Resources */ = {
			isa = PBXResourcesBuildPhase;
			buildActionMask = 2147483647;
			files = (
				9A3112DE1B69AB120036D331 /* Main.storyboard in Resources */,
				9A3112E31B69AB120036D331 /* LaunchScreen.xib in Resources */,
				9A3112E01B69AB120036D331 /* Images.xcassets in Resources */,
				9A9E8EAC1B82F3A6007FFB5A /* ToDoCell.xib in Resources */,
			);
			runOnlyForDeploymentPostprocessing = 0;
		};
		9A3112E61B69AB120036D331 /* Resources */ = {
			isa = PBXResourcesBuildPhase;
			buildActionMask = 2147483647;
			files = (
			);
			runOnlyForDeploymentPostprocessing = 0;
		};
/* End PBXResourcesBuildPhase section */

/* Begin PBXSourcesBuildPhase section */
		9A3112CB1B69AB120036D331 /* Sources */ = {
			isa = PBXSourcesBuildPhase;
			buildActionMask = 2147483647;
			files = (
				9A3112D81B69AB120036D331 /* AppDelegate.m in Sources */,
				9A3113001B6AEB340036D331 /* ToDoItem.m in Sources */,
				9A3112FD1B6AD5C30036D331 /* ToDoListTableViewController.m in Sources */,
				9A3112D51B69AB120036D331 /* main.m in Sources */,
				9A3112FA1B6AD50D0036D331 /* AddToDoItemViewController.m in Sources */,
				9A6E1A311B844ED3003F1C50 /* ToDoCell.m in Sources */,
			);
			runOnlyForDeploymentPostprocessing = 0;
		};
		9A3112E41B69AB120036D331 /* Sources */ = {
			isa = PBXSourcesBuildPhase;
			buildActionMask = 2147483647;
			files = (
				9A3112EF1B69AB120036D331 /* ToDoListTests.m in Sources */,
			);
			runOnlyForDeploymentPostprocessing = 0;
		};
/* End PBXSourcesBuildPhase section */

/* Begin PBXTargetDependency section */
		9A3112EA1B69AB120036D331 /* PBXTargetDependency */ = {
			isa = PBXTargetDependency;
			target = 9A3112CE1B69AB120036D331 /* ToDoList */;
			targetProxy = 9A3112E91B69AB120036D331 /* PBXContainerItemProxy */;
		};
/* End PBXTargetDependency section */

/* Begin PBXVariantGroup section */
		9A3112DC1B69AB120036D331 /* Main.storyboard */ = {
			isa = PBXVariantGroup;
			children = (
				9A3112DD1B69AB120036D331 /* Base */,
			);
			name = Main.storyboard;
			sourceTree = "<group>";
		};
		9A3112E11B69AB120036D331 /* LaunchScreen.xib */ = {
			isa = PBXVariantGroup;
			children = (
				9A3112E21B69AB120036D331 /* Base */,
			);
			name = LaunchScreen.xib;
			sourceTree = "<group>";
		};
/* End PBXVariantGroup section */

/* Begin XCBuildConfiguration section */
		9A3112F01B69AB120036D331 /* Debug */ = {
			isa = XCBuildConfiguration;
			buildSettings = {
				ALWAYS_SEARCH_USER_PATHS = NO;
				CLANG_CXX_LANGUAGE_STANDARD = "gnu++0x";
				CLANG_CXX_LIBRARY = "libc++";
				CLANG_ENABLE_MODULES = YES;
				CLANG_ENABLE_OBJC_ARC = YES;
				CLANG_WARN_BOOL_CONVERSION = YES;
				CLANG_WARN_CONSTANT_CONVERSION = YES;
				CLANG_WARN_DIRECT_OBJC_ISA_USAGE = YES_ERROR;
				CLANG_WARN_EMPTY_BODY = YES;
				CLANG_WARN_ENUM_CONVERSION = YES;
				CLANG_WARN_INT_CONVERSION = YES;
				CLANG_WARN_OBJC_ROOT_CLASS = YES_ERROR;
				CLANG_WARN_UNREACHABLE_CODE = YES;
				CLANG_WARN__DUPLICATE_METHOD_MATCH = YES;
				"CODE_SIGN_IDENTITY[sdk=iphoneos*]" = "iPhone Developer";
				COPY_PHASE_STRIP = NO;
				DEBUG_INFORMATION_FORMAT = "dwarf-with-dsym";
				ENABLE_STRICT_OBJC_MSGSEND = YES;
				GCC_C_LANGUAGE_STANDARD = gnu99;
				GCC_DYNAMIC_NO_PIC = NO;
				GCC_NO_COMMON_BLOCKS = YES;
				GCC_OPTIMIZATION_LEVEL = 0;
				GCC_PREPROCESSOR_DEFINITIONS = (
					"DEBUG=1",
					"$(inherited)",
				);
				GCC_SYMBOLS_PRIVATE_EXTERN = NO;
				GCC_WARN_64_TO_32_BIT_CONVERSION = YES;
				GCC_WARN_ABOUT_RETURN_TYPE = YES_ERROR;
				GCC_WARN_UNDECLARED_SELECTOR = YES;
				GCC_WARN_UNINITIALIZED_AUTOS = YES_AGGRESSIVE;
				GCC_WARN_UNUSED_FUNCTION = YES;
				GCC_WARN_UNUSED_VARIABLE = YES;
				IPHONEOS_DEPLOYMENT_TARGET = 8.4;
				MTL_ENABLE_DEBUG_INFO = YES;
				ONLY_ACTIVE_ARCH = YES;
				SDKROOT = iphoneos;
				TARGETED_DEVICE_FAMILY = "1,2";
			};
			name = Debug;
		};
		9A3112F11B69AB120036D331 /* Release */ = {
			isa = XCBuildConfiguration;
			buildSettings = {
				ALWAYS_SEARCH_USER_PATHS = NO;
				CLANG_CXX_LANGUAGE_STANDARD = "gnu++0x";
				CLANG_CXX_LIBRARY = "libc++";
				CLANG_ENABLE_MODULES = YES;
				CLANG_ENABLE_OBJC_ARC = YES;
				CLANG_WARN_BOOL_CONVERSION = YES;
				CLANG_WARN_CONSTANT_CONVERSION = YES;
				CLANG_WARN_DIRECT_OBJC_ISA_USAGE = YES_ERROR;
				CLANG_WARN_EMPTY_BODY = YES;
				CLANG_WARN_ENUM_CONVERSION = YES;
				CLANG_WARN_INT_CONVERSION = YES;
				CLANG_WARN_OBJC_ROOT_CLASS = YES_ERROR;
				CLANG_WARN_UNREACHABLE_CODE = YES;
				CLANG_WARN__DUPLICATE_METHOD_MATCH = YES;
				"CODE_SIGN_IDENTITY[sdk=iphoneos*]" = "iPhone Developer";
				COPY_PHASE_STRIP = NO;
				DEBUG_INFORMATION_FORMAT = "dwarf-with-dsym";
				ENABLE_NS_ASSERTIONS = NO;
				ENABLE_STRICT_OBJC_MSGSEND = YES;
				GCC_C_LANGUAGE_STANDARD = gnu99;
				GCC_NO_COMMON_BLOCKS = YES;
				GCC_WARN_64_TO_32_BIT_CONVERSION = YES;
				GCC_WARN_ABOUT_RETURN_TYPE = YES_ERROR;
				GCC_WARN_UNDECLARED_SELECTOR = YES;
				GCC_WARN_UNINITIALIZED_AUTOS = YES_AGGRESSIVE;
				GCC_WARN_UNUSED_FUNCTION = YES;
				GCC_WARN_UNUSED_VARIABLE = YES;
				IPHONEOS_DEPLOYMENT_TARGET = 8.4;
				MTL_ENABLE_DEBUG_INFO = NO;
				SDKROOT = iphoneos;
				TARGETED_DEVICE_FAMILY = "1,2";
				VALIDATE_PRODUCT = YES;
			};
			name = Release;
		};
		9A3112F31B69AB120036D331 /* Debug */ = {
			isa = XCBuildConfiguration;
			buildSettings = {
				ASSETCATALOG_COMPILER_APPICON_NAME = AppIcon;
				INFOPLIST_FILE = ToDoList/Info.plist;
				LD_RUNPATH_SEARCH_PATHS = "$(inherited) @executable_path/Frameworks";
				PRODUCT_NAME = "$(TARGET_NAME)";
			};
			name = Debug;
		};
		9A3112F41B69AB120036D331 /* Release */ = {
			isa = XCBuildConfiguration;
			buildSettings = {
				ASSETCATALOG_COMPILER_APPICON_NAME = AppIcon;
				INFOPLIST_FILE = ToDoList/Info.plist;
				LD_RUNPATH_SEARCH_PATHS = "$(inherited) @executable_path/Frameworks";
				PRODUCT_NAME = "$(TARGET_NAME)";
			};
			name = Release;
		};
		9A3112F61B69AB120036D331 /* Debug */ = {
			isa = XCBuildConfiguration;
			buildSettings = {
				BUNDLE_LOADER = "$(TEST_HOST)";
				FRAMEWORK_SEARCH_PATHS = (
					"$(SDKROOT)/Developer/Library/Frameworks",
					"$(inherited)",
				);
				GCC_PREPROCESSOR_DEFINITIONS = (
					"DEBUG=1",
					"$(inherited)",
				);
				INFOPLIST_FILE = ToDoListTests/Info.plist;
				LD_RUNPATH_SEARCH_PATHS = "$(inherited) @executable_path/Frameworks @loader_path/Frameworks";
				PRODUCT_NAME = "$(TARGET_NAME)";
				TEST_HOST = "$(BUILT_PRODUCTS_DIR)/ToDoList.app/ToDoList";
			};
			name = Debug;
		};
		9A3112F71B69AB120036D331 /* Release */ = {
			isa = XCBuildConfiguration;
			buildSettings = {
				BUNDLE_LOADER = "$(TEST_HOST)";
				FRAMEWORK_SEARCH_PATHS = (
					"$(SDKROOT)/Developer/Library/Frameworks",
					"$(inherited)",
				);
				INFOPLIST_FILE = ToDoListTests/Info.plist;
				LD_RUNPATH_SEARCH_PATHS = "$(inherited) @executable_path/Frameworks @loader_path/Frameworks";
				PRODUCT_NAME = "$(TARGET_NAME)";
				TEST_HOST = "$(BUILT_PRODUCTS_DIR)/ToDoList.app/ToDoList";
			};
			name = Release;
		};
/* End XCBuildConfiguration section */

/* Begin XCConfigurationList section */
		9A3112CA1B69AB120036D331 /* Build configuration list for PBXProject "ToDoList" */ = {
			isa = XCConfigurationList;
			buildConfigurations = (
				9A3112F01B69AB120036D331 /* Debug */,
				9A3112F11B69AB120036D331 /* Release */,
			);
			defaultConfigurationIsVisible = 0;
			defaultConfigurationName = Release;
		};
		9A3112F21B69AB120036D331 /* Build configuration list for PBXNativeTarget "ToDoList" */ = {
			isa = XCConfigurationList;
			buildConfigurations = (
				9A3112F31B69AB120036D331 /* Debug */,
				9A3112F41B69AB120036D331 /* Release */,
			);
			defaultConfigurationIsVisible = 0;
			defaultConfigurationName = Release;
		};
		9A3112F51B69AB120036D331 /* Build configuration list for PBXNativeTarget "ToDoListTests" */ = {
			isa = XCConfigurationList;
			buildConfigurations = (
				9A3112F61B69AB120036D331 /* Debug */,
				9A3112F71B69AB120036D331 /* Release */,
			);
			defaultConfigurationIsVisible = 0;
			defaultConfigurationName = Release;
		};
/* End XCConfigurationList section */
	};
	rootObject = 9A3112C71B69AB120036D331 /* Project object */;
}
